// !$*UTF8*$!
{
	archiveVersion = 1;
	classes = {
	};
	objectVersion = 55;
	objects = {

/* Begin PBXBuildFile section */
		610AA2FB270F6E4A00C72952 /* WorkoutDaysViewController.swift in Sources */ = {isa = PBXBuildFile; fileRef = 610AA2FA270F6E4A00C72952 /* WorkoutDaysViewController.swift */; };
		6118363A2704192500BA16F8 /* MuscleCollectionViewCell.swift in Sources */ = {isa = PBXBuildFile; fileRef = 611836392704192500BA16F8 /* MuscleCollectionViewCell.swift */; };
		6118364127053C3900BA16F8 /* ExerciseCollectionViewCell.swift in Sources */ = {isa = PBXBuildFile; fileRef = 6118364027053C3900BA16F8 /* ExerciseCollectionViewCell.swift */; };
		6118364327055CB100BA16F8 /* ExerciseDetailViewController.swift in Sources */ = {isa = PBXBuildFile; fileRef = 6118364227055CB000BA16F8 /* ExerciseDetailViewController.swift */; };
		613F24A427124D9F003B562E /* TabBarHomeViewController.swift in Sources */ = {isa = PBXBuildFile; fileRef = 613F24A327124D9F003B562E /* TabBarHomeViewController.swift */; };
		61A5034B2713B44800783240 /* WorkoutExerciseCollectionViewCell.swift in Sources */ = {isa = PBXBuildFile; fileRef = 61A5034A2713B44800783240 /* WorkoutExerciseCollectionViewCell.swift */; };
		61A5034D27144A5F00783240 /* CalendarViewController.swift in Sources */ = {isa = PBXBuildFile; fileRef = 61A5034C27144A5F00783240 /* CalendarViewController.swift */; };
		61A503522714540300783240 /* DataBase.swift in Sources */ = {isa = PBXBuildFile; fileRef = 61A503512714540300783240 /* DataBase.swift */; };
		61A503542714542500783240 /* Storage.swift in Sources */ = {isa = PBXBuildFile; fileRef = 61A503532714542500783240 /* Storage.swift */; };
		61A50356271463DA00783240 /* ChooseExerciseViewController.swift in Sources */ = {isa = PBXBuildFile; fileRef = 61A50355271463DA00783240 /* ChooseExerciseViewController.swift */; };
		61B85FAF2704057900D1456B /* AppDelegate.swift in Sources */ = {isa = PBXBuildFile; fileRef = 61B85FAE2704057900D1456B /* AppDelegate.swift */; };
		61B85FB12704057900D1456B /* SceneDelegate.swift in Sources */ = {isa = PBXBuildFile; fileRef = 61B85FB02704057900D1456B /* SceneDelegate.swift */; };
		61B85FB32704057900D1456B /* MuscleListViewController.swift in Sources */ = {isa = PBXBuildFile; fileRef = 61B85FB22704057900D1456B /* MuscleListViewController.swift */; };
		61B85FB92704057900D1456B /* Pocket_Trainer_UIKit.xcdatamodeld in Sources */ = {isa = PBXBuildFile; fileRef = 61B85FB72704057900D1456B /* Pocket_Trainer_UIKit.xcdatamodeld */; };
		61B85FBB2704057F00D1456B /* Assets.xcassets in Resources */ = {isa = PBXBuildFile; fileRef = 61B85FBA2704057F00D1456B /* Assets.xcassets */; };
		61B85FBE2704057F00D1456B /* LaunchScreen.storyboard in Resources */ = {isa = PBXBuildFile; fileRef = 61B85FBC2704057F00D1456B /* LaunchScreen.storyboard */; };
		61B85FC6270405BC00D1456B /* Requester.swift in Sources */ = {isa = PBXBuildFile; fileRef = 61B85FC5270405BC00D1456B /* Requester.swift */; };
		61B85FCD2704080400D1456B /* SaveExercise.swift in Sources */ = {isa = PBXBuildFile; fileRef = 61B85FC82704080400D1456B /* SaveExercise.swift */; };
		61B85FCE2704080400D1456B /* Exercise.swift in Sources */ = {isa = PBXBuildFile; fileRef = 61B85FC92704080400D1456B /* Exercise.swift */; };
		61B85FCF2704080400D1456B /* WorkoutDay.swift in Sources */ = {isa = PBXBuildFile; fileRef = 61B85FCA2704080400D1456B /* WorkoutDay.swift */; };
		61B85FD02704080400D1456B /* Workout.swift in Sources */ = {isa = PBXBuildFile; fileRef = 61B85FCB2704080400D1456B /* Workout.swift */; };
		61B85FD12704080400D1456B /* MuscleGroup.swift in Sources */ = {isa = PBXBuildFile; fileRef = 61B85FCC2704080400D1456B /* MuscleGroup.swift */; };
		61B85FD327040C5300D1456B /* ExerciseListViewController.swift in Sources */ = {isa = PBXBuildFile; fileRef = 61B85FD227040C5200D1456B /* ExerciseListViewController.swift */; };
		61C2CF6A270D2C9C00C90897 /* WorkoutsListViewController.swift in Sources */ = {isa = PBXBuildFile; fileRef = 61C2CF69270D2C9C00C90897 /* WorkoutsListViewController.swift */; };
		61C2CF6C270D2E7500C90897 /* WorkoutCollectionViewCell.swift in Sources */ = {isa = PBXBuildFile; fileRef = 61C2CF6B270D2E7500C90897 /* WorkoutCollectionViewCell.swift */; };
		77774BC81BE0DC9B6FE73203 /* Pods_Pocket_Trainer_UIKit.framework in Frameworks */ = {isa = PBXBuildFile; fileRef = 5D56098CA48BA12906D63A3B /* Pods_Pocket_Trainer_UIKit.framework */; };
/* End PBXBuildFile section */

/* Begin PBXFileReference section */
		5D56098CA48BA12906D63A3B /* Pods_Pocket_Trainer_UIKit.framework */ = {isa = PBXFileReference; explicitFileType = wrapper.framework; includeInIndex = 0; path = Pods_Pocket_Trainer_UIKit.framework; sourceTree = BUILT_PRODUCTS_DIR; };
		610AA2FA270F6E4A00C72952 /* WorkoutDaysViewController.swift */ = {isa = PBXFileReference; lastKnownFileType = sourcecode.swift; path = WorkoutDaysViewController.swift; sourceTree = "<group>"; };
		611836392704192500BA16F8 /* MuscleCollectionViewCell.swift */ = {isa = PBXFileReference; lastKnownFileType = sourcecode.swift; path = MuscleCollectionViewCell.swift; sourceTree = "<group>"; };
		6118364027053C3900BA16F8 /* ExerciseCollectionViewCell.swift */ = {isa = PBXFileReference; lastKnownFileType = sourcecode.swift; path = ExerciseCollectionViewCell.swift; sourceTree = "<group>"; };
		6118364227055CB000BA16F8 /* ExerciseDetailViewController.swift */ = {isa = PBXFileReference; lastKnownFileType = sourcecode.swift; path = ExerciseDetailViewController.swift; sourceTree = "<group>"; };
		613F24A327124D9F003B562E /* TabBarHomeViewController.swift */ = {isa = PBXFileReference; lastKnownFileType = sourcecode.swift; path = TabBarHomeViewController.swift; sourceTree = "<group>"; };
		61A5034A2713B44800783240 /* WorkoutExerciseCollectionViewCell.swift */ = {isa = PBXFileReference; lastKnownFileType = sourcecode.swift; path = WorkoutExerciseCollectionViewCell.swift; sourceTree = "<group>"; };
		61A5034C27144A5F00783240 /* CalendarViewController.swift */ = {isa = PBXFileReference; lastKnownFileType = sourcecode.swift; path = CalendarViewController.swift; sourceTree = "<group>"; };
		61A503512714540300783240 /* DataBase.swift */ = {isa = PBXFileReference; lastKnownFileType = sourcecode.swift; path = DataBase.swift; sourceTree = "<group>"; };
		61A503532714542500783240 /* Storage.swift */ = {isa = PBXFileReference; lastKnownFileType = sourcecode.swift; path = Storage.swift; sourceTree = "<group>"; };
		61A50355271463DA00783240 /* ChooseExerciseViewController.swift */ = {isa = PBXFileReference; lastKnownFileType = sourcecode.swift; path = ChooseExerciseViewController.swift; sourceTree = "<group>"; };
		61B85FAB2704057900D1456B /* Pocket Trainer UIKit.app */ = {isa = PBXFileReference; explicitFileType = wrapper.application; includeInIndex = 0; path = "Pocket Trainer UIKit.app"; sourceTree = BUILT_PRODUCTS_DIR; };
		61B85FAE2704057900D1456B /* AppDelegate.swift */ = {isa = PBXFileReference; lastKnownFileType = sourcecode.swift; path = AppDelegate.swift; sourceTree = "<group>"; };
		61B85FB02704057900D1456B /* SceneDelegate.swift */ = {isa = PBXFileReference; lastKnownFileType = sourcecode.swift; path = SceneDelegate.swift; sourceTree = "<group>"; };
		61B85FB22704057900D1456B /* MuscleListViewController.swift */ = {isa = PBXFileReference; lastKnownFileType = sourcecode.swift; path = MuscleListViewController.swift; sourceTree = "<group>"; };
		61B85FB82704057900D1456B /* Pocket_Trainer_UIKit.xcdatamodel */ = {isa = PBXFileReference; lastKnownFileType = wrapper.xcdatamodel; path = Pocket_Trainer_UIKit.xcdatamodel; sourceTree = "<group>"; };
		61B85FBA2704057F00D1456B /* Assets.xcassets */ = {isa = PBXFileReference; lastKnownFileType = folder.assetcatalog; path = Assets.xcassets; sourceTree = "<group>"; };
		61B85FBD2704057F00D1456B /* Base */ = {isa = PBXFileReference; lastKnownFileType = file.storyboard; name = Base; path = Base.lproj/LaunchScreen.storyboard; sourceTree = "<group>"; };
		61B85FBF2704057F00D1456B /* Info.plist */ = {isa = PBXFileReference; lastKnownFileType = text.plist.xml; path = Info.plist; sourceTree = "<group>"; };
		61B85FC5270405BC00D1456B /* Requester.swift */ = {isa = PBXFileReference; lastKnownFileType = sourcecode.swift; path = Requester.swift; sourceTree = "<group>"; };
		61B85FC82704080400D1456B /* SaveExercise.swift */ = {isa = PBXFileReference; fileEncoding = 4; lastKnownFileType = sourcecode.swift; path = SaveExercise.swift; sourceTree = "<group>"; };
		61B85FC92704080400D1456B /* Exercise.swift */ = {isa = PBXFileReference; fileEncoding = 4; lastKnownFileType = sourcecode.swift; path = Exercise.swift; sourceTree = "<group>"; };
		61B85FCA2704080400D1456B /* WorkoutDay.swift */ = {isa = PBXFileReference; fileEncoding = 4; lastKnownFileType = sourcecode.swift; path = WorkoutDay.swift; sourceTree = "<group>"; };
		61B85FCB2704080400D1456B /* Workout.swift */ = {isa = PBXFileReference; fileEncoding = 4; lastKnownFileType = sourcecode.swift; path = Workout.swift; sourceTree = "<group>"; };
		61B85FCC2704080400D1456B /* MuscleGroup.swift */ = {isa = PBXFileReference; fileEncoding = 4; lastKnownFileType = sourcecode.swift; path = MuscleGroup.swift; sourceTree = "<group>"; };
		61B85FD227040C5200D1456B /* ExerciseListViewController.swift */ = {isa = PBXFileReference; lastKnownFileType = sourcecode.swift; path = ExerciseListViewController.swift; sourceTree = "<group>"; };
		61C2CF69270D2C9C00C90897 /* WorkoutsListViewController.swift */ = {isa = PBXFileReference; lastKnownFileType = sourcecode.swift; path = WorkoutsListViewController.swift; sourceTree = "<group>"; };
		61C2CF6B270D2E7500C90897 /* WorkoutCollectionViewCell.swift */ = {isa = PBXFileReference; lastKnownFileType = sourcecode.swift; path = WorkoutCollectionViewCell.swift; sourceTree = "<group>"; };
		B7EF5F8C986B3AA642A1EA80 /* Pods-Pocket Trainer UIKit.release.xcconfig */ = {isa = PBXFileReference; includeInIndex = 1; lastKnownFileType = text.xcconfig; name = "Pods-Pocket Trainer UIKit.release.xcconfig"; path = "Target Support Files/Pods-Pocket Trainer UIKit/Pods-Pocket Trainer UIKit.release.xcconfig"; sourceTree = "<group>"; };
		C2E55F0F84B5C96F1B4464F6 /* Pods-Pocket Trainer UIKit.debug.xcconfig */ = {isa = PBXFileReference; includeInIndex = 1; lastKnownFileType = text.xcconfig; name = "Pods-Pocket Trainer UIKit.debug.xcconfig"; path = "Target Support Files/Pods-Pocket Trainer UIKit/Pods-Pocket Trainer UIKit.debug.xcconfig"; sourceTree = "<group>"; };
/* End PBXFileReference section */

/* Begin PBXFrameworksBuildPhase section */
		61B85FA82704057900D1456B /* Frameworks */ = {
			isa = PBXFrameworksBuildPhase;
			buildActionMask = 2147483647;
			files = (
				77774BC81BE0DC9B6FE73203 /* Pods_Pocket_Trainer_UIKit.framework in Frameworks */,
			);
			runOnlyForDeploymentPostprocessing = 0;
		};
/* End PBXFrameworksBuildPhase section */

/* Begin PBXGroup section */
		61183638270418EB00BA16F8 /* Muscles View */ = {
			isa = PBXGroup;
			children = (
				61B85FB22704057900D1456B /* MuscleListViewController.swift */,
				611836392704192500BA16F8 /* MuscleCollectionViewCell.swift */,
			);
			path = "Muscles View";
			sourceTree = "<group>";
		};
		6118363F2705372100BA16F8 /* Exercises View */ = {
			isa = PBXGroup;
			children = (
				61B85FD227040C5200D1456B /* ExerciseListViewController.swift */,
				6118364027053C3900BA16F8 /* ExerciseCollectionViewCell.swift */,
				6118364227055CB000BA16F8 /* ExerciseDetailViewController.swift */,
			);
			path = "Exercises View";
			sourceTree = "<group>";
		};
		613F24A527124DAD003B562E /* Controllers */ = {
			isa = PBXGroup;
			children = (
				613F24A327124D9F003B562E /* TabBarHomeViewController.swift */,
				61A5034E27144A6700783240 /* Calendar */,
				61183638270418EB00BA16F8 /* Muscles View */,
				6118363F2705372100BA16F8 /* Exercises View */,
				61C2CF6D270D2E8000C90897 /* Workouts View */,
			);
			path = Controllers;
			sourceTree = "<group>";
		};
		613F24A627124DBE003B562E /* Structs */ = {
			isa = PBXGroup;
			children = (
				61B85FC92704080400D1456B /* Exercise.swift */,
				61B85FCC2704080400D1456B /* MuscleGroup.swift */,
				61B85FC82704080400D1456B /* SaveExercise.swift */,
				61B85FCB2704080400D1456B /* Workout.swift */,
				61B85FCA2704080400D1456B /* WorkoutDay.swift */,
			);
			path = Structs;
			sourceTree = "<group>";
		};
		61A5034E27144A6700783240 /* Calendar */ = {
			isa = PBXGroup;
			children = (
				61A5034C27144A5F00783240 /* CalendarViewController.swift */,
				61A50355271463DA00783240 /* ChooseExerciseViewController.swift */,
			);
			path = Calendar;
			sourceTree = "<group>";
		};
		61B85FA22704057900D1456B = {
			isa = PBXGroup;
			children = (
				61B85FAD2704057900D1456B /* Pocket Trainer UIKit */,
				61B85FAC2704057900D1456B /* Products */,
				9688B02E3094CF37C5BE90E9 /* Pods */,
				BA0F797F150557778D3DD99A /* Frameworks */,
			);
			sourceTree = "<group>";
		};
		61B85FAC2704057900D1456B /* Products */ = {
			isa = PBXGroup;
			children = (
				61B85FAB2704057900D1456B /* Pocket Trainer UIKit.app */,
			);
			name = Products;
			sourceTree = "<group>";
		};
		61B85FAD2704057900D1456B /* Pocket Trainer UIKit */ = {
			isa = PBXGroup;
			children = (
				61B85FAE2704057900D1456B /* AppDelegate.swift */,
				61B85FB02704057900D1456B /* SceneDelegate.swift */,
				613F24A527124DAD003B562E /* Controllers */,
				61B85FC7270407E600D1456B /* Model */,
				61B85FBA2704057F00D1456B /* Assets.xcassets */,
				61B85FBC2704057F00D1456B /* LaunchScreen.storyboard */,
				61B85FBF2704057F00D1456B /* Info.plist */,
				61B85FB72704057900D1456B /* Pocket_Trainer_UIKit.xcdatamodeld */,
			);
			path = "Pocket Trainer UIKit";
			sourceTree = "<group>";
		};
		61B85FC7270407E600D1456B /* Model */ = {
			isa = PBXGroup;
			children = (
				613F24A627124DBE003B562E /* Structs */,
				61B85FC5270405BC00D1456B /* Requester.swift */,
				61A503512714540300783240 /* DataBase.swift */,
				61A503532714542500783240 /* Storage.swift */,
			);
			path = Model;
			sourceTree = "<group>";
		};
		61C2CF6D270D2E8000C90897 /* Workouts View */ = {
			isa = PBXGroup;
			children = (
				61C2CF69270D2C9C00C90897 /* WorkoutsListViewController.swift */,
				61C2CF6B270D2E7500C90897 /* WorkoutCollectionViewCell.swift */,
				610AA2FA270F6E4A00C72952 /* WorkoutDaysViewController.swift */,
				61A5034A2713B44800783240 /* WorkoutExerciseCollectionViewCell.swift */,
			);
			path = "Workouts View";
			sourceTree = "<group>";
		};
		9688B02E3094CF37C5BE90E9 /* Pods */ = {
			isa = PBXGroup;
			children = (
				C2E55F0F84B5C96F1B4464F6 /* Pods-Pocket Trainer UIKit.debug.xcconfig */,
				B7EF5F8C986B3AA642A1EA80 /* Pods-Pocket Trainer UIKit.release.xcconfig */,
			);
			path = Pods;
			sourceTree = "<group>";
		};
		BA0F797F150557778D3DD99A /* Frameworks */ = {
			isa = PBXGroup;
			children = (
				5D56098CA48BA12906D63A3B /* Pods_Pocket_Trainer_UIKit.framework */,
			);
			name = Frameworks;
			sourceTree = "<group>";
		};
/* End PBXGroup section */

/* Begin PBXNativeTarget section */
		61B85FAA2704057900D1456B /* Pocket Trainer UIKit */ = {
			isa = PBXNativeTarget;
			buildConfigurationList = 61B85FC22704057F00D1456B /* Build configuration list for PBXNativeTarget "Pocket Trainer UIKit" */;
			buildPhases = (
				95B48F179CF1C7D88C0CDA12 /* [CP] Check Pods Manifest.lock */,
				61B85FA72704057900D1456B /* Sources */,
				61B85FA82704057900D1456B /* Frameworks */,
				61B85FA92704057900D1456B /* Resources */,
				FD2D551A554BE503CE05A976 /* [CP] Embed Pods Frameworks */,
			);
			buildRules = (
			);
			dependencies = (
			);
			name = "Pocket Trainer UIKit";
			productName = "Pocket Trainer UIKit";
			productReference = 61B85FAB2704057900D1456B /* Pocket Trainer UIKit.app */;
			productType = "com.apple.product-type.application";
		};
/* End PBXNativeTarget section */

/* Begin PBXProject section */
		61B85FA32704057900D1456B /* Project object */ = {
			isa = PBXProject;
			attributes = {
				BuildIndependentTargetsInParallel = 1;
				LastSwiftUpdateCheck = 1300;
				LastUpgradeCheck = 1300;
				TargetAttributes = {
					61B85FAA2704057900D1456B = {
						CreatedOnToolsVersion = 13.0;
					};
				};
			};
			buildConfigurationList = 61B85FA62704057900D1456B /* Build configuration list for PBXProject "Pocket Trainer UIKit" */;
			compatibilityVersion = "Xcode 13.0";
			developmentRegion = en;
			hasScannedForEncodings = 0;
			knownRegions = (
				en,
				Base,
			);
			mainGroup = 61B85FA22704057900D1456B;
			productRefGroup = 61B85FAC2704057900D1456B /* Products */;
			projectDirPath = "";
			projectRoot = "";
			targets = (
				61B85FAA2704057900D1456B /* Pocket Trainer UIKit */,
			);
		};
/* End PBXProject section */

/* Begin PBXResourcesBuildPhase section */
		61B85FA92704057900D1456B /* Resources */ = {
			isa = PBXResourcesBuildPhase;
			buildActionMask = 2147483647;
			files = (
				61B85FBE2704057F00D1456B /* LaunchScreen.storyboard in Resources */,
				61B85FBB2704057F00D1456B /* Assets.xcassets in Resources */,
			);
			runOnlyForDeploymentPostprocessing = 0;
		};
/* End PBXResourcesBuildPhase section */

/* Begin PBXShellScriptBuildPhase section */
		95B48F179CF1C7D88C0CDA12 /* [CP] Check Pods Manifest.lock */ = {
			isa = PBXShellScriptBuildPhase;
			buildActionMask = 2147483647;
			files = (
			);
			inputFileListPaths = (
			);
			inputPaths = (
				"${PODS_PODFILE_DIR_PATH}/Podfile.lock",
				"${PODS_ROOT}/Manifest.lock",
			);
			name = "[CP] Check Pods Manifest.lock";
			outputFileListPaths = (
			);
			outputPaths = (
				"$(DERIVED_FILE_DIR)/Pods-Pocket Trainer UIKit-checkManifestLockResult.txt",
			);
			runOnlyForDeploymentPostprocessing = 0;
			shellPath = /bin/sh;
			shellScript = "diff \"${PODS_PODFILE_DIR_PATH}/Podfile.lock\" \"${PODS_ROOT}/Manifest.lock\" > /dev/null\nif [ $? != 0 ] ; then\n    # print error to STDERR\n    echo \"error: The sandbox is not in sync with the Podfile.lock. Run 'pod install' or update your CocoaPods installation.\" >&2\n    exit 1\nfi\n# This output is used by Xcode 'outputs' to avoid re-running this script phase.\necho \"SUCCESS\" > \"${SCRIPT_OUTPUT_FILE_0}\"\n";
			showEnvVarsInLog = 0;
		};
		FD2D551A554BE503CE05A976 /* [CP] Embed Pods Frameworks */ = {
			isa = PBXShellScriptBuildPhase;
			buildActionMask = 2147483647;
			files = (
			);
			inputFileListPaths = (
				"${PODS_ROOT}/Target Support Files/Pods-Pocket Trainer UIKit/Pods-Pocket Trainer UIKit-frameworks-${CONFIGURATION}-input-files.xcfilelist",
			);
			name = "[CP] Embed Pods Frameworks";
			outputFileListPaths = (
				"${PODS_ROOT}/Target Support Files/Pods-Pocket Trainer UIKit/Pods-Pocket Trainer UIKit-frameworks-${CONFIGURATION}-output-files.xcfilelist",
			);
			runOnlyForDeploymentPostprocessing = 0;
			shellPath = /bin/sh;
			shellScript = "\"${PODS_ROOT}/Target Support Files/Pods-Pocket Trainer UIKit/Pods-Pocket Trainer UIKit-frameworks.sh\"\n";
			showEnvVarsInLog = 0;
		};
/* End PBXShellScriptBuildPhase section */

/* Begin PBXSourcesBuildPhase section */
		61B85FA72704057900D1456B /* Sources */ = {
			isa = PBXSourcesBuildPhase;
			buildActionMask = 2147483647;
			files = (
				61A5034D27144A5F00783240 /* CalendarViewController.swift in Sources */,
				61A503542714542500783240 /* Storage.swift in Sources */,
				61B85FB92704057900D1456B /* Pocket_Trainer_UIKit.xcdatamodeld in Sources */,
				6118364127053C3900BA16F8 /* ExerciseCollectionViewCell.swift in Sources */,
				610AA2FB270F6E4A00C72952 /* WorkoutDaysViewController.swift in Sources */,
				61A503522714540300783240 /* DataBase.swift in Sources */,
				61B85FB32704057900D1456B /* MuscleListViewController.swift in Sources */,
				61B85FAF2704057900D1456B /* AppDelegate.swift in Sources */,
				61C2CF6A270D2C9C00C90897 /* WorkoutsListViewController.swift in Sources */,
				61A5034B2713B44800783240 /* WorkoutExerciseCollectionViewCell.swift in Sources */,
				61B85FC6270405BC00D1456B /* Requester.swift in Sources */,
				61B85FCF2704080400D1456B /* WorkoutDay.swift in Sources */,
				61B85FD02704080400D1456B /* Workout.swift in Sources */,
				61B85FD327040C5300D1456B /* ExerciseListViewController.swift in Sources */,
				61B85FCD2704080400D1456B /* SaveExercise.swift in Sources */,
				61B85FCE2704080400D1456B /* Exercise.swift in Sources */,
				61B85FD12704080400D1456B /* MuscleGroup.swift in Sources */,
				61C2CF6C270D2E7500C90897 /* WorkoutCollectionViewCell.swift in Sources */,
				6118363A2704192500BA16F8 /* MuscleCollectionViewCell.swift in Sources */,
				61B85FB12704057900D1456B /* SceneDelegate.swift in Sources */,
				61A50356271463DA00783240 /* ChooseExerciseViewController.swift in Sources */,
				6118364327055CB100BA16F8 /* ExerciseDetailViewController.swift in Sources */,
				613F24A427124D9F003B562E /* TabBarHomeViewController.swift in Sources */,
			);
			runOnlyForDeploymentPostprocessing = 0;
		};
/* End PBXSourcesBuildPhase section */

/* Begin PBXVariantGroup section */
		61B85FBC2704057F00D1456B /* LaunchScreen.storyboard */ = {
			isa = PBXVariantGroup;
			children = (
				61B85FBD2704057F00D1456B /* Base */,
			);
			name = LaunchScreen.storyboard;
			sourceTree = "<group>";
		};
/* End PBXVariantGroup section */

/* Begin XCBuildConfiguration section */
		61B85FC02704057F00D1456B /* Debug */ = {
			isa = XCBuildConfiguration;
			buildSettings = {
				ALWAYS_SEARCH_USER_PATHS = NO;
				CLANG_ANALYZER_NONNULL = YES;
				CLANG_ANALYZER_NUMBER_OBJECT_CONVERSION = YES_AGGRESSIVE;
				CLANG_CXX_LANGUAGE_STANDARD = "gnu++17";
				CLANG_CXX_LIBRARY = "libc++";
				CLANG_ENABLE_MODULES = YES;
				CLANG_ENABLE_OBJC_ARC = YES;
				CLANG_ENABLE_OBJC_WEAK = YES;
				CLANG_WARN_BLOCK_CAPTURE_AUTORELEASING = YES;
				CLANG_WARN_BOOL_CONVERSION = YES;
				CLANG_WARN_COMMA = YES;
				CLANG_WARN_CONSTANT_CONVERSION = YES;
				CLANG_WARN_DEPRECATED_OBJC_IMPLEMENTATIONS = YES;
				CLANG_WARN_DIRECT_OBJC_ISA_USAGE = YES_ERROR;
				CLANG_WARN_DOCUMENTATION_COMMENTS = YES;
				CLANG_WARN_EMPTY_BODY = YES;
				CLANG_WARN_ENUM_CONVERSION = YES;
				CLANG_WARN_INFINITE_RECURSION = YES;
				CLANG_WARN_INT_CONVERSION = YES;
				CLANG_WARN_NON_LITERAL_NULL_CONVERSION = YES;
				CLANG_WARN_OBJC_IMPLICIT_RETAIN_SELF = YES;
				CLANG_WARN_OBJC_LITERAL_CONVERSION = YES;
				CLANG_WARN_OBJC_ROOT_CLASS = YES_ERROR;
				CLANG_WARN_QUOTED_INCLUDE_IN_FRAMEWORK_HEADER = YES;
				CLANG_WARN_RANGE_LOOP_ANALYSIS = YES;
				CLANG_WARN_STRICT_PROTOTYPES = YES;
				CLANG_WARN_SUSPICIOUS_MOVE = YES;
				CLANG_WARN_UNGUARDED_AVAILABILITY = YES_AGGRESSIVE;
				CLANG_WARN_UNREACHABLE_CODE = YES;
				CLANG_WARN__DUPLICATE_METHOD_MATCH = YES;
				COPY_PHASE_STRIP = NO;
				DEBUG_INFORMATION_FORMAT = dwarf;
				ENABLE_STRICT_OBJC_MSGSEND = YES;
				ENABLE_TESTABILITY = YES;
				GCC_C_LANGUAGE_STANDARD = gnu11;
				GCC_DYNAMIC_NO_PIC = NO;
				GCC_NO_COMMON_BLOCKS = YES;
				GCC_OPTIMIZATION_LEVEL = 0;
				GCC_PREPROCESSOR_DEFINITIONS = (
					"DEBUG=1",
					"$(inherited)",
				);
				GCC_WARN_64_TO_32_BIT_CONVERSION = YES;
				GCC_WARN_ABOUT_RETURN_TYPE = YES_ERROR;
				GCC_WARN_UNDECLARED_SELECTOR = YES;
				GCC_WARN_UNINITIALIZED_AUTOS = YES_AGGRESSIVE;
				GCC_WARN_UNUSED_FUNCTION = YES;
				GCC_WARN_UNUSED_VARIABLE = YES;
				IPHONEOS_DEPLOYMENT_TARGET = 15.0;
				MTL_ENABLE_DEBUG_INFO = INCLUDE_SOURCE;
				MTL_FAST_MATH = YES;
				ONLY_ACTIVE_ARCH = YES;
				SDKROOT = iphoneos;
				SWIFT_ACTIVE_COMPILATION_CONDITIONS = DEBUG;
				SWIFT_OPTIMIZATION_LEVEL = "-Onone";
			};
			name = Debug;
		};
		61B85FC12704057F00D1456B /* Release */ = {
			isa = XCBuildConfiguration;
			buildSettings = {
				ALWAYS_SEARCH_USER_PATHS = NO;
				CLANG_ANALYZER_NONNULL = YES;
				CLANG_ANALYZER_NUMBER_OBJECT_CONVERSION = YES_AGGRESSIVE;
				CLANG_CXX_LANGUAGE_STANDARD = "gnu++17";
				CLANG_CXX_LIBRARY = "libc++";
				CLANG_ENABLE_MODULES = YES;
				CLANG_ENABLE_OBJC_ARC = YES;
				CLANG_ENABLE_OBJC_WEAK = YES;
				CLANG_WARN_BLOCK_CAPTURE_AUTORELEASING = YES;
				CLANG_WARN_BOOL_CONVERSION = YES;
				CLANG_WARN_COMMA = YES;
				CLANG_WARN_CONSTANT_CONVERSION = YES;
				CLANG_WARN_DEPRECATED_OBJC_IMPLEMENTATIONS = YES;
				CLANG_WARN_DIRECT_OBJC_ISA_USAGE = YES_ERROR;
				CLANG_WARN_DOCUMENTATION_COMMENTS = YES;
				CLANG_WARN_EMPTY_BODY = YES;
				CLANG_WARN_ENUM_CONVERSION = YES;
				CLANG_WARN_INFINITE_RECURSION = YES;
				CLANG_WARN_INT_CONVERSION = YES;
				CLANG_WARN_NON_LITERAL_NULL_CONVERSION = YES;
				CLANG_WARN_OBJC_IMPLICIT_RETAIN_SELF = YES;
				CLANG_WARN_OBJC_LITERAL_CONVERSION = YES;
				CLANG_WARN_OBJC_ROOT_CLASS = YES_ERROR;
				CLANG_WARN_QUOTED_INCLUDE_IN_FRAMEWORK_HEADER = YES;
				CLANG_WARN_RANGE_LOOP_ANALYSIS = YES;
				CLANG_WARN_STRICT_PROTOTYPES = YES;
				CLANG_WARN_SUSPICIOUS_MOVE = YES;
				CLANG_WARN_UNGUARDED_AVAILABILITY = YES_AGGRESSIVE;
				CLANG_WARN_UNREACHABLE_CODE = YES;
				CLANG_WARN__DUPLICATE_METHOD_MATCH = YES;
				COPY_PHASE_STRIP = NO;
				DEBUG_INFORMATION_FORMAT = "dwarf-with-dsym";
				ENABLE_NS_ASSERTIONS = NO;
				ENABLE_STRICT_OBJC_MSGSEND = YES;
				GCC_C_LANGUAGE_STANDARD = gnu11;
				GCC_NO_COMMON_BLOCKS = YES;
				GCC_WARN_64_TO_32_BIT_CONVERSION = YES;
				GCC_WARN_ABOUT_RETURN_TYPE = YES_ERROR;
				GCC_WARN_UNDECLARED_SELECTOR = YES;
				GCC_WARN_UNINITIALIZED_AUTOS = YES_AGGRESSIVE;
				GCC_WARN_UNUSED_FUNCTION = YES;
				GCC_WARN_UNUSED_VARIABLE = YES;
				IPHONEOS_DEPLOYMENT_TARGET = 15.0;
				MTL_ENABLE_DEBUG_INFO = NO;
				MTL_FAST_MATH = YES;
				SDKROOT = iphoneos;
				SWIFT_COMPILATION_MODE = wholemodule;
				SWIFT_OPTIMIZATION_LEVEL = "-O";
				VALIDATE_PRODUCT = YES;
			};
			name = Release;
		};
		61B85FC32704057F00D1456B /* Debug */ = {
			isa = XCBuildConfiguration;
			baseConfigurationReference = C2E55F0F84B5C96F1B4464F6 /* Pods-Pocket Trainer UIKit.debug.xcconfig */;
			buildSettings = {
				ASSETCATALOG_COMPILER_APPICON_NAME = AppIcon;
				ASSETCATALOG_COMPILER_GLOBAL_ACCENT_COLOR_NAME = AccentColor;
				CODE_SIGN_STYLE = Automatic;
				CURRENT_PROJECT_VERSION = 1;
				DEVELOPMENT_TEAM = SZ24TTUHBL;
				GENERATE_INFOPLIST_FILE = YES;
				INFOPLIST_FILE = "Pocket Trainer UIKit/Info.plist";
				INFOPLIST_KEY_CFBundleDisplayName = "Pocket Trainer";
				INFOPLIST_KEY_UIApplicationSupportsIndirectInputEvents = YES;
				INFOPLIST_KEY_UILaunchStoryboardName = LaunchScreen;
				INFOPLIST_KEY_UISupportedInterfaceOrientations_iPad = "UIInterfaceOrientationPortrait UIInterfaceOrientationPortraitUpsideDown UIInterfaceOrientationLandscapeLeft UIInterfaceOrientationLandscapeRight";
				INFOPLIST_KEY_UISupportedInterfaceOrientations_iPhone = "UIInterfaceOrientationPortrait UIInterfaceOrientationLandscapeLeft UIInterfaceOrientationLandscapeRight";
				LD_RUNPATH_SEARCH_PATHS = (
					"$(inherited)",
					"@executable_path/Frameworks",
				);
				MARKETING_VERSION = 1.0;
				PRODUCT_BUNDLE_IDENTIFIER = "vladukha.Pocket-Trainer-UIKit";
				PRODUCT_NAME = "$(TARGET_NAME)";
				SWIFT_EMIT_LOC_STRINGS = YES;
				SWIFT_VERSION = 5.0;
				TARGETED_DEVICE_FAMILY = 1;
			};
			name = Debug;
		};
		61B85FC42704057F00D1456B /* Release */ = {
			isa = XCBuildConfiguration;
			baseConfigurationReference = B7EF5F8C986B3AA642A1EA80 /* Pods-Pocket Trainer UIKit.release.xcconfig */;
			buildSettings = {
				ASSETCATALOG_COMPILER_APPICON_NAME = AppIcon;
				ASSETCATALOG_COMPILER_GLOBAL_ACCENT_COLOR_NAME = AccentColor;
				CODE_SIGN_STYLE = Automatic;
				CURRENT_PROJECT_VERSION = 1;
				DEVELOPMENT_TEAM = SZ24TTUHBL;
				GENERATE_INFOPLIST_FILE = YES;
				INFOPLIST_FILE = "Pocket Trainer UIKit/Info.plist";
				INFOPLIST_KEY_CFBundleDisplayName = "Pocket Trainer";
				INFOPLIST_KEY_UIApplicationSupportsIndirectInputEvents = YES;
				INFOPLIST_KEY_UILaunchStoryboardName = LaunchScreen;
				INFOPLIST_KEY_UISupportedInterfaceOrientations_iPad = "UIInterfaceOrientationPortrait UIInterfaceOrientationPortraitUpsideDown UIInterfaceOrientationLandscapeLeft UIInterfaceOrientationLandscapeRight";
				INFOPLIST_KEY_UISupportedInterfaceOrientations_iPhone = "UIInterfaceOrientationPortrait UIInterfaceOrientationLandscapeLeft UIInterfaceOrientationLandscapeRight";
				LD_RUNPATH_SEARCH_PATHS = (
					"$(inherited)",
					"@executable_path/Frameworks",
				);
				MARKETING_VERSION = 1.0;
				PRODUCT_BUNDLE_IDENTIFIER = "vladukha.Pocket-Trainer-UIKit";
				PRODUCT_NAME = "$(TARGET_NAME)";
				SWIFT_EMIT_LOC_STRINGS = YES;
				SWIFT_VERSION = 5.0;
				TARGETED_DEVICE_FAMILY = 1;
			};
			name = Release;
		};
/* End XCBuildConfiguration section */

/* Begin XCConfigurationList section */
		61B85FA62704057900D1456B /* Build configuration list for PBXProject "Pocket Trainer UIKit" */ = {
			isa = XCConfigurationList;
			buildConfigurations = (
				61B85FC02704057F00D1456B /* Debug */,
				61B85FC12704057F00D1456B /* Release */,
			);
			defaultConfigurationIsVisible = 0;
			defaultConfigurationName = Release;
		};
		61B85FC22704057F00D1456B /* Build configuration list for PBXNativeTarget "Pocket Trainer UIKit" */ = {
			isa = XCConfigurationList;
			buildConfigurations = (
				61B85FC32704057F00D1456B /* Debug */,
				61B85FC42704057F00D1456B /* Release */,
			);
			defaultConfigurationIsVisible = 0;
			defaultConfigurationName = Release;
		};
/* End XCConfigurationList section */

/* Begin XCVersionGroup section */
		61B85FB72704057900D1456B /* Pocket_Trainer_UIKit.xcdatamodeld */ = {
			isa = XCVersionGroup;
			children = (
				61B85FB82704057900D1456B /* Pocket_Trainer_UIKit.xcdatamodel */,
			);
			currentVersion = 61B85FB82704057900D1456B /* Pocket_Trainer_UIKit.xcdatamodel */;
			path = Pocket_Trainer_UIKit.xcdatamodeld;
			sourceTree = "<group>";
			versionGroupType = wrapper.xcdatamodel;
		};
/* End XCVersionGroup section */
	};
	rootObject = 61B85FA32704057900D1456B /* Project object */;
}
